
Microsoft Visual Studio Solution File, Format Version 12.00
# Visual Studio 2013
Project("{FAE04EC0-301F-11D3-BF4B-00C04F79EFBC}") = "UnityVS.OpenWorldGame.CSharp.Plugins", "UnityVS.OpenWorldGame.CSharp.Plugins.csproj", "{A22B11D3-C71F-0FE7-69BA-990495608CCB}"
EndProject
Project("{FAE04EC0-301F-11D3-BF4B-00C04F79EFBC}") = "UnityVS.OpenWorldGame.CSharp", "UnityVS.OpenWorldGame.CSharp.csproj", "{1DB81E5B-65DD-500D-E8FD-7AF733C4EFDC}"
EndProject
Project("{FAE04EC0-301F-11D3-BF4B-00C04F79EFBC}") = "UnityVS.OpenWorldGame.CSharp.Editor", "UnityVS.OpenWorldGame.CSharp.Editor.csproj", "{D22A4600-D32D-47C9-3E13-164DFA66C222}"
EndProject
Global
	GlobalSection(SolutionConfigurationPlatforms) = preSolution
		Debug|Any CPU = Debug|Any CPU
		Release|Any CPU = Release|Any CPU
	EndGlobalSection
	GlobalSection(ProjectConfigurationPlatforms) = postSolution
		{A22B11D3-C71F-0FE7-69BA-990495608CCB}.Debug|Any CPU.ActiveCfg = Debug|Any CPU
		{A22B11D3-C71F-0FE7-69BA-990495608CCB}.Debug|Any CPU.Build.0 = Debug|Any CPU
		{A22B11D3-C71F-0FE7-69BA-990495608CCB}.Release|Any CPU.ActiveCfg = Release|Any CPU
		{A22B11D3-C71F-0FE7-69BA-990495608CCB}.Release|Any CPU.Build.0 = Release|Any CPU
		{1DB81E5B-65DD-500D-E8FD-7AF733C4EFDC}.Debug|Any CPU.ActiveCfg = Debug|Any CPU
		{1DB81E5B-65DD-500D-E8FD-7AF733C4EFDC}.Debug|Any CPU.Build.0 = Debug|Any CPU
		{1DB81E5B-65DD-500D-E8FD-7AF733C4EFDC}.Release|Any CPU.ActiveCfg = Release|Any CPU
		{1DB81E5B-65DD-500D-E8FD-7AF733C4EFDC}.Release|Any CPU.Build.0 = Release|Any CPU
		{D22A4600-D32D-47C9-3E13-164DFA66C222}.Debug|Any CPU.ActiveCfg = Debug|Any CPU
		{D22A4600-D32D-47C9-3E13-164DFA66C222}.Debug|Any CPU.Build.0 = Debug|Any CPU
		{D22A4600-D32D-47C9-3E13-164DFA66C222}.Release|Any CPU.ActiveCfg = Release|Any CPU
		{D22A4600-D32D-47C9-3E13-164DFA66C222}.Release|Any CPU.Build.0 = Release|Any CPU
	EndGlobalSection
	GlobalSection(SolutionProperties) = preSolution
		HideSolutionNode = FALSE
	EndGlobalSection
EndGlobal
